
Microsoft Visual Studio Solution File, Format Version 12.00
# Visual Studio 2012
Project("{8BC9CEB8-8B4A-11D0-8D11-00A0C91BC942}") = "CP_PolygonPlatform", "CP_PolygonPlatform\CP_PolygonPlatform.vcxproj", "{382DE83C-2350-453F-B9B1-FF5CF9F86A7B}"
EndProject
Global
	GlobalSection(SolutionConfigurationPlatforms) = preSolution
		Debug|Win32 = Debug|Win32
		Release|Win32 = Release|Win32
	EndGlobalSection
	GlobalSection(ProjectConfigurationPlatforms) = postSolution
		{382DE83C-2350-453F-B9B1-FF5CF9F86A7B}.Debug|Win32.ActiveCfg = Debug|Win32
		{382DE83C-2350-453F-B9B1-FF5CF9F86A7B}.Debug|Win32.Build.0 = Debug|Win32
		{382DE83C-2350-453F-B9B1-FF5CF9F86A7B}.Release|Win32.ActiveCfg = Release|Win32
		{382DE83C-2350-453F-B9B1-FF5CF9F86A7B}.Release|Win32.Build.0 = Release|Win32
	EndGlobalSection
	GlobalSection(SolutionProperties) = preSolution
		HideSolutionNode = FALSE
	EndGlobalSection
EndGlobal
